{
  "name": "github_webhooks",
  "lockfileVersion": 2,
  "requires": true,
  "packages": {
    "": {
      "dependencies": {
        "@slack/web-api": "^6.2.3"
      }
    },
    "node_modules/@slack/logger": {
      "version": "3.0.0",
      "resolved": "https://clio.jfrog.io/clio/api/npm/product-npm-prod/@slack/logger/-/logger-3.0.0.tgz",
      "integrity": "sha1-tzbU4cESwioQ/6sMLTZGIK7ctxQ=",
      "license": "MIT",
      "dependencies": {
        "@types/node": ">=12.0.0"
      },
      "engines": {
        "node": ">= 12.13.0",
        "npm": ">= 6.12.0"
      }
    },
    "node_modules/@slack/types": {
      "version": "2.0.0",
      "resolved": "https://clio.jfrog.io/clio/api/npm/product-npm-prod/@slack/types/-/types-2.0.0.tgz",
      "integrity": "sha1-e5OKtXbNHWyf+a1nqW+AWNEBrxA=",
      "license": "MIT",
      "engines": {
        "node": ">= 12.13.0",
        "npm": ">= 6.12.0"
      }
    },
    "node_modules/@slack/web-api": {
      "version": "6.2.3",
      "resolved": "https://clio.jfrog.io/clio/api/npm/product-npm-prod/@slack/web-api/-/web-api-6.2.3.tgz",
      "integrity": "sha1-BjyjKYdYfRh5Ugutq0hXlr5iHnc=",
      "license": "MIT",
      "dependencies": {
        "@slack/logger": "^3.0.0",
        "@slack/types": "^2.0.0",
        "@types/is-stream": "^1.1.0",
        "@types/node": ">=12.0.0",
        "axios": "^0.21.1",
        "eventemitter3": "^3.1.0",
        "form-data": "^2.5.0",
        "is-electron": "^2.2.0",
        "is-stream": "^1.1.0",
        "p-queue": "^6.6.1",
        "p-retry": "^4.0.0"
      },
      "engines": {
        "node": ">= 12.13.0",
        "npm": ">= 6.12.0"
      }
    },
    "node_modules/@types/is-stream": {
      "version": "1.1.0",
      "resolved": "https://clio.jfrog.io/clio/api/npm/product-npm-prod/@types/is-stream/-/is-stream-1.1.0.tgz",
      "integrity": "sha1-uE17sgeiEPKvm+1DHcD76cQUO+E=",
      "license": "MIT",
      "dependencies": {
        "@types/node": "*"
      }
    },
    "node_modules/@types/node": {
      "version": "15.0.3",
      "resolved": "https://clio.jfrog.io/clio/api/npm/product-npm-prod/@types/node/-/node-15.0.3.tgz",
      "integrity": "sha1-7gn8qsUTV2R0wyfaWBjUIbmNuIo=",
      "license": "MIT"
    },
    "node_modules/@types/retry": {
      "version": "0.12.0",
      "resolved": "https://clio.jfrog.io/clio/api/npm/product-npm-prod/@types/retry/-/retry-0.12.0.tgz",
      "integrity": "sha1-KzXsz87n04zXKtmSMvvVi/+zyE0=",
      "license": "MIT"
    },
    "node_modules/asynckit": {
      "version": "0.4.0",
      "resolved": "https://clio.jfrog.io/clio/api/npm/product-npm-prod/asynckit/-/asynckit-0.4.0.tgz",
      "integrity": "sha1-x57Zf380y48robyXkLzDZkdLS3k=",
      "license": "MIT"
    },
    "node_modules/axios": {
      "version": "0.21.1",
      "resolved": "https://clio.jfrog.io/clio/api/npm/product-npm-prod/axios/-/axios-0.21.1.tgz",
      "integrity": "sha1-IlY0gZYvTWvemnbVFu8OXTwJsrg=",
      "license": "MIT",
      "dependencies": {
        "follow-redirects": "^1.10.0"
      }
    },
    "node_modules/combined-stream": {
      "version": "1.0.8",
      "resolved": "https://clio.jfrog.io/clio/api/npm/product-npm-prod/combined-stream/-/combined-stream-1.0.8.tgz",
      "integrity": "sha1-w9RaizT9cwYxoRCoolIGgrMdWn8=",
      "license": "MIT",
      "dependencies": {
        "delayed-stream": "~1.0.0"
      },
      "engines": {
        "node": ">= 0.8"
      }
    },
    "node_modules/delayed-stream": {
      "version": "1.0.0",
      "resolved": "https://clio.jfrog.io/clio/api/npm/product-npm-prod/delayed-stream/-/delayed-stream-1.0.0.tgz",
      "integrity": "sha1-3zrhmayt+31ECqrgsp4icrJOxhk=",
      "license": "MIT",
      "engines": {
        "node": ">=0.4.0"
      }
    },
    "node_modules/eventemitter3": {
      "version": "3.1.2",
      "resolved": "https://clio.jfrog.io/clio/api/npm/product-npm-prod/eventemitter3/-/eventemitter3-3.1.2.tgz",
      "integrity": "sha1-LT1I+cNGaY/Og6hdfWZOmFNd9uc=",
      "license": "MIT"
    },
    "node_modules/follow-redirects": {
      "version": "1.14.1",
      "resolved": "https://clio.jfrog.io/clio/api/npm/product-npm-prod/follow-redirects/-/follow-redirects-1.14.1.tgz",
      "integrity": "sha1-2RFN7Qoc/dM04WTmZirQK/2R/0M=",
      "funding": [
        {
          "type": "individual",
          "url": "https://github.com/sponsors/RubenVerborgh"
        }
      ],
      "license": "MIT",
      "engines": {
        "node": ">=4.0"
      },
      "peerDependenciesMeta": {
        "debug": {
          "optional": true
        }
      }
    },
    "node_modules/form-data": {
      "version": "2.5.1",
      "resolved": "https://clio.jfrog.io/clio/api/npm/product-npm-prod/form-data/-/form-data-2.5.1.tgz",
      "integrity": "sha1-8svsV7XlniNxbhKP5E1OXdI4lfQ=",
      "license": "MIT",
      "dependencies": {
        "asynckit": "^0.4.0",
        "combined-stream": "^1.0.6",
        "mime-types": "^2.1.12"
      },
      "engines": {
        "node": ">= 0.12"
      }
    },
    "node_modules/is-electron": {
      "version": "2.2.0",
      "resolved": "https://clio.jfrog.io/clio/api/npm/product-npm-prod/is-electron/-/is-electron-2.2.0.tgz",
      "integrity": "sha1-iUMITwnotzGzp6ApintdVva37vA=",
      "license": "MIT"
    },
    "node_modules/is-stream": {
      "version": "1.1.0",
      "resolved": "https://clio.jfrog.io/clio/api/npm/product-npm-prod/is-stream/-/is-stream-1.1.0.tgz",
      "integrity": "sha1-EtSj3U5o4Lec6428hBc66A2RykQ=",
      "license": "MIT",
      "engines": {
        "node": ">=0.10.0"
      }
    },
    "node_modules/mime-db": {
      "version": "1.47.0",
      "resolved": "https://clio.jfrog.io/clio/api/npm/product-npm-prod/mime-db/-/mime-db-1.47.0.tgz",
      "integrity": "sha1-jLMT5Zll08Bc+/iYkVomevRqM1w=",
      "license": "MIT",
      "engines": {
        "node": ">= 0.6"
      }
    },
    "node_modules/mime-types": {
      "version": "2.1.30",
      "resolved": "https://clio.jfrog.io/clio/api/npm/product-npm-prod/mime-types/-/mime-types-2.1.30.tgz",
      "integrity": "sha1-bnvotMR5gl+F7WMmaV23P5MF1i0=",
      "license": "MIT",
      "dependencies": {
        "mime-db": "1.47.0"
      },
      "engines": {
        "node": ">= 0.6"
      }
    },
    "node_modules/p-finally": {
      "version": "1.0.0",
      "resolved": "https://clio.jfrog.io/clio/api/npm/product-npm-prod/p-finally/-/p-finally-1.0.0.tgz",
      "integrity": "sha1-P7z7FbiZpEEjs0ttzBi3JDNqLK4=",
      "license": "MIT",
      "engines": {
        "node": ">=4"
      }
    },
    "node_modules/p-queue": {
      "version": "6.6.2",
      "resolved": "https://clio.jfrog.io/clio/api/npm/product-npm-prod/p-queue/-/p-queue-6.6.2.tgz",
      "integrity": "sha1-IGip3PjmfdDsPnory3aBD6qF5CY=",
      "license": "MIT",
      "dependencies": {
        "eventemitter3": "^4.0.4",
        "p-timeout": "^3.2.0"
      },
      "engines": {
        "node": ">=8"
      },
      "funding": {
        "url": "https://github.com/sponsors/sindresorhus"
      }
    },
    "node_modules/p-queue/node_modules/eventemitter3": {
      "version": "4.0.7",
      "resolved": "https://clio.jfrog.io/clio/api/npm/product-npm-prod/eventemitter3/-/eventemitter3-4.0.7.tgz",
      "integrity": "sha1-Lem2j2Uo1WRO9cWVJqG0oHMGFp8=",
      "license": "MIT"
    },
    "node_modules/p-retry": {
      "version": "4.5.0",
      "resolved": "https://clio.jfrog.io/clio/api/npm/product-npm-prod/p-retry/-/p-retry-4.5.0.tgz",
      "integrity": "sha1-ZoUzazZy+e6BdNN2mmYMteSIUh0=",
      "license": "MIT",
      "dependencies": {
        "@types/retry": "^0.12.0",
        "retry": "^0.12.0"
      },
      "engines": {
        "node": ">=8"
      }
    },
    "node_modules/p-timeout": {
      "version": "3.2.0",
      "resolved": "https://clio.jfrog.io/clio/api/npm/product-npm-prod/p-timeout/-/p-timeout-3.2.0.tgz",
      "integrity": "sha1-x+F6vJcdKnli74NiazXWNazyPf4=",
      "license": "MIT",
      "dependencies": {
        "p-finally": "^1.0.0"
      },
      "engines": {
        "node": ">=8"
      }
    },
    "node_modules/retry": {
      "version": "0.12.0",
      "resolved": "https://clio.jfrog.io/clio/api/npm/product-npm-prod/retry/-/retry-0.12.0.tgz",
      "integrity": "sha1-G0KmJmoh8HQh0bC1S33BZ7AcATs=",
      "license": "MIT",
      "engines": {
        "node": ">= 4"
      }
    }
  },
  "dependencies": {
    "@slack/logger": {
      "version": "3.0.0",
      "resolved": "https://clio.jfrog.io/clio/api/npm/product-npm-prod/@slack/logger/-/logger-3.0.0.tgz",
      "integrity": "sha1-tzbU4cESwioQ/6sMLTZGIK7ctxQ=",
      "requires": {
        "@types/node": ">=12.0.0"
      }
    },
    "@slack/types": {
      "version": "2.0.0",
      "resolved": "https://clio.jfrog.io/clio/api/npm/product-npm-prod/@slack/types/-/types-2.0.0.tgz",
      "integrity": "sha1-e5OKtXbNHWyf+a1nqW+AWNEBrxA="
    },
    "@slack/web-api": {
      "version": "6.2.3",
      "resolved": "https://clio.jfrog.io/clio/api/npm/product-npm-prod/@slack/web-api/-/web-api-6.2.3.tgz",
      "integrity": "sha1-BjyjKYdYfRh5Ugutq0hXlr5iHnc=",
      "requires": {
        "@slack/logger": "^3.0.0",
        "@slack/types": "^2.0.0",
        "@types/is-stream": "^1.1.0",
        "@types/node": ">=12.0.0",
        "axios": "^0.21.1",
        "eventemitter3": "^3.1.0",
        "form-data": "^2.5.0",
        "is-electron": "^2.2.0",
        "is-stream": "^1.1.0",
        "p-queue": "^6.6.1",
        "p-retry": "^4.0.0"
      }
    },
    "@types/is-stream": {
      "version": "1.1.0",
      "resolved": "https://clio.jfrog.io/clio/api/npm/product-npm-prod/@types/is-stream/-/is-stream-1.1.0.tgz",
      "integrity": "sha1-uE17sgeiEPKvm+1DHcD76cQUO+E=",
      "requires": {
        "@types/node": "*"
      }
    },
    "@types/node": {
      "version": "15.0.3",
      "resolved": "https://clio.jfrog.io/clio/api/npm/product-npm-prod/@types/node/-/node-15.0.3.tgz",
      "integrity": "sha1-7gn8qsUTV2R0wyfaWBjUIbmNuIo="
    },
    "@types/retry": {
      "version": "0.12.0",
      "resolved": "https://clio.jfrog.io/clio/api/npm/product-npm-prod/@types/retry/-/retry-0.12.0.tgz",
      "integrity": "sha1-KzXsz87n04zXKtmSMvvVi/+zyE0="
    },
    "asynckit": {
      "version": "0.4.0",
      "resolved": "https://clio.jfrog.io/clio/api/npm/product-npm-prod/asynckit/-/asynckit-0.4.0.tgz",
      "integrity": "sha1-x57Zf380y48robyXkLzDZkdLS3k="
    },
    "axios": {
      "version": "0.21.1",
      "resolved": "https://clio.jfrog.io/clio/api/npm/product-npm-prod/axios/-/axios-0.21.1.tgz",
      "integrity": "sha1-IlY0gZYvTWvemnbVFu8OXTwJsrg=",
      "requires": {
        "follow-redirects": "^1.10.0"
      }
    },
    "combined-stream": {
      "version": "1.0.8",
      "resolved": "https://clio.jfrog.io/clio/api/npm/product-npm-prod/combined-stream/-/combined-stream-1.0.8.tgz",
      "integrity": "sha1-w9RaizT9cwYxoRCoolIGgrMdWn8=",
      "requires": {
        "delayed-stream": "~1.0.0"
      }
    },
    "delayed-stream": {
      "version": "1.0.0",
      "resolved": "https://clio.jfrog.io/clio/api/npm/product-npm-prod/delayed-stream/-/delayed-stream-1.0.0.tgz",
      "integrity": "sha1-3zrhmayt+31ECqrgsp4icrJOxhk="
    },
    "eventemitter3": {
      "version": "3.1.2",
      "resolved": "https://clio.jfrog.io/clio/api/npm/product-npm-prod/eventemitter3/-/eventemitter3-3.1.2.tgz",
      "integrity": "sha1-LT1I+cNGaY/Og6hdfWZOmFNd9uc="
    },
    "follow-redirects": {
      "version": "1.14.1",
      "resolved": "https://clio.jfrog.io/clio/api/npm/product-npm-prod/follow-redirects/-/follow-redirects-1.14.1.tgz",
      "integrity": "sha1-2RFN7Qoc/dM04WTmZirQK/2R/0M="
    },
    "form-data": {
      "version": "2.5.1",
      "resolved": "https://clio.jfrog.io/clio/api/npm/product-npm-prod/form-data/-/form-data-2.5.1.tgz",
      "integrity": "sha1-8svsV7XlniNxbhKP5E1OXdI4lfQ=",
      "requires": {
        "asynckit": "^0.4.0",
        "combined-stream": "^1.0.6",
        "mime-types": "^2.1.12"
      }
    },
    "is-electron": {
      "version": "2.2.0",
      "resolved": "https://clio.jfrog.io/clio/api/npm/product-npm-prod/is-electron/-/is-electron-2.2.0.tgz",
      "integrity": "sha1-iUMITwnotzGzp6ApintdVva37vA="
    },
    "is-stream": {
      "version": "1.1.0",
      "resolved": "https://clio.jfrog.io/clio/api/npm/product-npm-prod/is-stream/-/is-stream-1.1.0.tgz",
      "integrity": "sha1-EtSj3U5o4Lec6428hBc66A2RykQ="
    },
    "mime-db": {
      "version": "1.47.0",
      "resolved": "https://clio.jfrog.io/clio/api/npm/product-npm-prod/mime-db/-/mime-db-1.47.0.tgz",
      "integrity": "sha1-jLMT5Zll08Bc+/iYkVomevRqM1w="
    },
    "mime-types": {
      "version": "2.1.30",
      "resolved": "https://clio.jfrog.io/clio/api/npm/product-npm-prod/mime-types/-/mime-types-2.1.30.tgz",
      "integrity": "sha1-bnvotMR5gl+F7WMmaV23P5MF1i0=",
      "requires": {
        "mime-db": "1.47.0"
      }
    },
    "p-finally": {
      "version": "1.0.0",
      "resolved": "https://clio.jfrog.io/clio/api/npm/product-npm-prod/p-finally/-/p-finally-1.0.0.tgz",
      "integrity": "sha1-P7z7FbiZpEEjs0ttzBi3JDNqLK4="
    },
    "p-queue": {
      "version": "6.6.2",
      "resolved": "https://clio.jfrog.io/clio/api/npm/product-npm-prod/p-queue/-/p-queue-6.6.2.tgz",
      "integrity": "sha1-IGip3PjmfdDsPnory3aBD6qF5CY=",
      "requires": {
        "eventemitter3": "^4.0.4",
        "p-timeout": "^3.2.0"
      },
      "dependencies": {
        "eventemitter3": {
          "version": "4.0.7",
          "resolved": "https://clio.jfrog.io/clio/api/npm/product-npm-prod/eventemitter3/-/eventemitter3-4.0.7.tgz",
          "integrity": "sha1-Lem2j2Uo1WRO9cWVJqG0oHMGFp8="
        }
      }
    },
    "p-retry": {
      "version": "4.5.0",
      "resolved": "https://clio.jfrog.io/clio/api/npm/product-npm-prod/p-retry/-/p-retry-4.5.0.tgz",
      "integrity": "sha1-ZoUzazZy+e6BdNN2mmYMteSIUh0=",
      "requires": {
        "@types/retry": "^0.12.0",
        "retry": "^0.12.0"
      }
    },
    "p-timeout": {
      "version": "3.2.0",
      "resolved": "https://clio.jfrog.io/clio/api/npm/product-npm-prod/p-timeout/-/p-timeout-3.2.0.tgz",
      "integrity": "sha1-x+F6vJcdKnli74NiazXWNazyPf4=",
      "requires": {
        "p-finally": "^1.0.0"
      }
    },
    "retry": {
      "version": "0.12.0",
      "resolved": "https://clio.jfrog.io/clio/api/npm/product-npm-prod/retry/-/retry-0.12.0.tgz",
      "integrity": "sha1-G0KmJmoh8HQh0bC1S33BZ7AcATs="
    }
  }
}
